{
  "name": "erGonomic",
  "lockfileVersion": 3,
  "requires": true,
  "packages": {
    "": {
      "devDependencies": {
        "svelte-calendar": "^3.1.6"
      }
    },
    "node_modules/dayjs": {
      "version": "1.11.11",
      "resolved": "https://registry.npmjs.org/dayjs/-/dayjs-1.11.11.tgz",
      "integrity": "sha512-okzr3f11N6WuqYtZSvm+F776mB41wRZMhKP+hc34YdW+KmtYYK9iqvHSwo2k9FEH3fhGXvOPV6yz2IcSrfRUDg==",
      "dev": true
    },
    "node_modules/just-throttle": {
      "version": "2.3.1",
      "resolved": "https://registry.npmjs.org/just-throttle/-/just-throttle-2.3.1.tgz",
      "integrity": "sha512-0H4miIAWZYpnpg7oD/Y/PBb77ISSHAETif5xK9EnwIgYCO6oC8ErkJxDumMUTR44shSOwptRIArRuvNuvN/hOw==",
      "dev": true
    },
    "node_modules/svelte-calendar": {
      "version": "3.1.6",
      "resolved": "https://registry.npmjs.org/svelte-calendar/-/svelte-calendar-3.1.6.tgz",
      "integrity": "sha512-jOHiPlxBAa1LGVFQZoczdAGnCSI2RKcuQQHj32TjLbXO/P2Povx4JphPEcP7XjKj/s/jimBC6xQyFhyjD0vxbg==",
      "dev": true,
      "dependencies": {
        "dayjs": "^1.10.6",
        "just-throttle": "^2.3.1"
      }
    }
  }
}
